{
  "nodes": {
    "nixpkgs": {
      "locked": {
        "narHash": "sha256-IbAf0coLQkHm5WiETBW5NvGxxDENJ/RFgwYn6+4miTg=",
        "path": "/home/tim/repos/nixpkgs",
        "type": "path"
      },
      "original": {
        "path": "/home/tim/repos/nixpkgs",
        "type": "path"
      }
    },
    "root": {
      "inputs": {
        "nixpkgs": "nixpkgs"
      }
    }
  },
  "root": "root",
  "version": 7
}
